
Microsoft Visual Studio Solution File, Format Version 12.00
# Visual Studio Version 17
VisualStudioVersion = 17.6.33723.286
MinimumVisualStudioVersion = 10.0.40219.1
Project("{8BC9CEB8-8B4A-11D0-8D11-00A0C91BC942}") = "Project1", "Project1.vcxproj", "{718B3D09-A988-4534-9776-D644CA1F448A}"
EndProject
Global
	GlobalSection(SolutionConfigurationPlatforms) = preSolution
		Debug|x64 = Debug|x64
		Debug|x86 = Debug|x86
		Release|x64 = Release|x64
		Release|x86 = Release|x86
	EndGlobalSection
	GlobalSection(ProjectConfigurationPlatforms) = postSolution
		{718B3D09-A988-4534-9776-D644CA1F448A}.Debug|x64.ActiveCfg = Debug|x64
		{718B3D09-A988-4534-9776-D644CA1F448A}.Debug|x64.Build.0 = Debug|x64
		{718B3D09-A988-4534-9776-D644CA1F448A}.Debug|x86.ActiveCfg = Debug|Win32
		{718B3D09-A988-4534-9776-D644CA1F448A}.Debug|x86.Build.0 = Debug|Win32
		{718B3D09-A988-4534-9776-D644CA1F448A}.Release|x64.ActiveCfg = Release|x64
		{718B3D09-A988-4534-9776-D644CA1F448A}.Release|x64.Build.0 = Release|x64
		{718B3D09-A988-4534-9776-D644CA1F448A}.Release|x86.ActiveCfg = Release|Win32
		{718B3D09-A988-4534-9776-D644CA1F448A}.Release|x86.Build.0 = Release|Win32
	EndGlobalSection
	GlobalSection(SolutionProperties) = preSolution
		HideSolutionNode = FALSE
	EndGlobalSection
	GlobalSection(ExtensibilityGlobals) = postSolution
		SolutionGuid = {813683BE-C7AB-4C7C-8C38-1899E3473E13}
	EndGlobalSection
EndGlobal
